{
  "name": "react-clean-architecture",
  "version": "1.0.0",
  "lockfileVersion": 1,
  "requires": true,
  "dependencies": {
    "ansi-wrap": {
      "version": "0.1.0",
      "resolved": "https://registry.npmjs.org/ansi-wrap/-/ansi-wrap-0.1.0.tgz",
      "integrity": "sha1-qCJQ3bABXponyoLoLqYDu/pF768=",
      "dev": true
    },
    "ansi-yellow": {
      "version": "0.1.1",
      "resolved": "https://registry.npmjs.org/ansi-yellow/-/ansi-yellow-0.1.1.tgz",
      "integrity": "sha1-y5NW8vRscy8OMZnmEClVp32oPB0=",
      "dev": true,
      "requires": {
        "ansi-wrap": "0.1.0"
      }
    },
    "arr-diff": {
      "version": "2.0.0",
      "resolved": "https://registry.npmjs.org/arr-diff/-/arr-diff-2.0.0.tgz",
      "integrity": "sha1-jzuCf5Vai9ZpaX5KQlasPOrjVs8=",
      "dev": true,
      "requires": {
        "arr-flatten": "^1.0.1"
      }
    },
    "arr-flatten": {
      "version": "1.1.0",
      "resolved": "https://registry.npmjs.org/arr-flatten/-/arr-flatten-1.1.0.tgz",
      "integrity": "sha512-L3hKV5R/p5o81R7O02IGnwpDmkp6E982XhtbuwSe3O4qOtMMMtodicASA1Cny2U+aCXcNpml+m4dPsvsJ3jatg=="
    },
    "array-unique": {
      "version": "0.2.1",
      "resolved": "https://registry.npmjs.org/array-unique/-/array-unique-0.2.1.tgz",
      "integrity": "sha1-odl8yvy8JiXMcPrc6zalDFiwGlM="
    },
    "async": {
      "version": "1.5.2",
      "resolved": "https://registry.npmjs.org/async/-/async-1.5.2.tgz",
      "integrity": "sha1-7GphrlZIDAw8skHJVhjiCJL5Zyo=",
      "dev": true
    },
    "bluebird": {
      "version": "2.11.0",
      "resolved": "https://registry.npmjs.org/bluebird/-/bluebird-2.11.0.tgz",
      "integrity": "sha1-U0uQM8AiyVecVro7Plpcqvu2UOE=",
      "dev": true
    },
    "braces": {
      "version": "1.8.5",
      "resolved": "https://registry.npmjs.org/braces/-/braces-1.8.5.tgz",
      "integrity": "sha1-uneWLhLf+WnWt2cR6RS3N4V79qc=",
      "requires": {
        "expand-range": "^1.8.1",
        "preserve": "^0.2.0",
        "repeat-element": "^1.1.2"
      }
    },
    "component-emitter": {
      "version": "1.2.1",
      "resolved": "https://registry.npmjs.org/component-emitter/-/component-emitter-1.2.1.tgz",
      "integrity": "sha1-E3kY1teCg/ffemt8WmPhQOaUJeY=",
      "dev": true
    },
    "core-util-is": {
      "version": "1.0.2",
      "resolved": "https://registry.npmjs.org/core-util-is/-/core-util-is-1.0.2.tgz",
      "integrity": "sha1-tf1UIgqivFq1eqtxQMlAdUUDwac=",
      "dev": true
    },
    "deep-extend": {
      "version": "0.6.0",
      "resolved": "https://registry.npmjs.org/deep-extend/-/deep-extend-0.6.0.tgz",
      "integrity": "sha512-LOHxIOaPYdHlJRtCQfDIVZtfw/ufM8+rVj649RIHzcm/vGwQRXFt6OPqIFWsm2XEMrNIEtWR64sY1LEKD2vAOA==",
      "dev": true
    },
    "detect-file": {
      "version": "0.1.0",
      "resolved": "https://registry.npmjs.org/detect-file/-/detect-file-0.1.0.tgz",
      "integrity": "sha1-STXe39lIhkjgBrASlWbpOGcR6mM=",
      "dev": true,
      "requires": {
        "fs-exists-sync": "^0.1.0"
      }
    },
    "dotdir-regex": {
      "version": "0.1.0",
      "resolved": "https://registry.npmjs.org/dotdir-regex/-/dotdir-regex-0.1.0.tgz",
      "integrity": "sha1-1F30yIY75vVZPXFpFDgXZ+k4wLY=",
      "dev": true
    },
    "ends-with": {
      "version": "0.2.0",
      "resolved": "https://registry.npmjs.org/ends-with/-/ends-with-0.2.0.tgz",
      "integrity": "sha1-L52pjVelDP2kVxzkM5AAUA9Oa4o=",
      "dev": true
    },
    "expand-brackets": {
      "version": "0.1.5",
      "resolved": "https://registry.npmjs.org/expand-brackets/-/expand-brackets-0.1.5.tgz",
      "integrity": "sha1-3wcoTjQqgHzXM6xa9yQR5YHRF3s=",
      "requires": {
        "is-posix-bracket": "^0.1.0"
      }
    },
    "expand-range": {
      "version": "1.8.2",
      "resolved": "https://registry.npmjs.org/expand-range/-/expand-range-1.8.2.tgz",
      "integrity": "sha1-opnv/TNf4nIeuujiV+x5ZE/IUzc=",
      "requires": {
        "fill-range": "^2.1.0"
      }
    },
    "expand-tilde": {
      "version": "1.2.2",
      "resolved": "https://registry.npmjs.org/expand-tilde/-/expand-tilde-1.2.2.tgz",
      "integrity": "sha1-C4HrqJflo9MdHD0QL48BRB5VlEk=",
      "dev": true,
      "requires": {
        "os-homedir": "^1.0.1"
      }
    },
    "export-files": {
      "version": "2.1.1",
      "resolved": "https://registry.npmjs.org/export-files/-/export-files-2.1.1.tgz",
      "integrity": "sha1-u/ZFdAU6CeTrmOX0NQHVcrLDzn8=",
      "dev": true,
      "requires": {
        "lazy-cache": "^1.0.3"
      },
      "dependencies": {
        "lazy-cache": {
          "version": "1.0.4",
          "resolved": "https://registry.npmjs.org/lazy-cache/-/lazy-cache-1.0.4.tgz",
          "integrity": "sha1-odePw6UEdMuAhF07O24dpJpEbo4=",
          "dev": true
        }
      }
    },
    "extend-shallow": {
      "version": "2.0.1",
      "resolved": "https://registry.npmjs.org/extend-shallow/-/extend-shallow-2.0.1.tgz",
      "integrity": "sha1-Ua99YUrZqfYQ6huvu5idaxxWiQ8=",
      "dev": true,
      "requires": {
        "is-extendable": "^0.1.0"
      }
    },
    "extglob": {
      "version": "0.3.2",
      "resolved": "https://registry.npmjs.org/extglob/-/extglob-0.3.2.tgz",
      "integrity": "sha1-Lhj/PS9JqydlzskCPwEdqo2DSaE=",
      "requires": {
        "is-extglob": "^1.0.0"
      }
    },
    "filename-regex": {
      "version": "2.0.1",
      "resolved": "https://registry.npmjs.org/filename-regex/-/filename-regex-2.0.1.tgz",
      "integrity": "sha1-wcS5vuPglyXdsQa3XB4wH+LxiyY="
    },
    "fill-range": {
      "version": "2.2.4",
      "resolved": "https://registry.npmjs.org/fill-range/-/fill-range-2.2.4.tgz",
      "integrity": "sha512-cnrcCbj01+j2gTG921VZPnHbjmdAf8oQV/iGeV2kZxGSyfYjjTyY79ErsK1WJWMpw6DaApEX72binqJE+/d+5Q==",
      "requires": {
        "is-number": "^2.1.0",
        "isobject": "^2.0.0",
        "randomatic": "^3.0.0",
        "repeat-element": "^1.1.2",
        "repeat-string": "^1.5.2"
      }
    },
    "findup-sync": {
      "version": "1.0.0",
      "resolved": "https://registry.npmjs.org/findup-sync/-/findup-sync-1.0.0.tgz",
      "integrity": "sha1-b35LV7buOkA3tEFOrt6j9Y9x4Ow=",
      "dev": true,
      "requires": {
        "detect-file": "^0.1.0",
        "is-glob": "^2.0.1",
        "micromatch": "^2.3.7",
        "resolve-dir": "^0.1.0"
      },
      "dependencies": {
        "kind-of": {
          "version": "3.2.2",
          "resolved": "https://registry.npmjs.org/kind-of/-/kind-of-3.2.2.tgz",
          "integrity": "sha1-MeohpzS6ubuw8yRm2JOupR5KPGQ=",
          "dev": true,
          "requires": {
            "is-buffer": "^1.1.5"
          }
        },
        "micromatch": {
          "version": "2.3.11",
          "resolved": "https://registry.npmjs.org/micromatch/-/micromatch-2.3.11.tgz",
          "integrity": "sha1-hmd8l9FyCzY0MdBNDRUpO9OMFWU=",
          "dev": true,
          "requires": {
            "arr-diff": "^2.0.0",
            "array-unique": "^0.2.1",
            "braces": "^1.8.2",
            "expand-brackets": "^0.1.4",
            "extglob": "^0.3.1",
            "filename-regex": "^2.0.0",
            "is-extglob": "^1.0.0",
            "is-glob": "^2.0.1",
            "kind-of": "^3.0.2",
            "normalize-path": "^2.0.1",
            "object.omit": "^2.0.0",
            "parse-glob": "^3.0.4",
            "regex-cache": "^0.4.2"
          }
        },
        "object.omit": {
          "version": "2.0.1",
          "resolved": "https://registry.npmjs.org/object.omit/-/object.omit-2.0.1.tgz",
          "integrity": "sha1-Gpx0SCnznbuFjHbKNXmuKlTr0fo=",
          "dev": true,
          "requires": {
            "for-own": "^0.1.4",
            "is-extendable": "^0.1.1"
          }
        }
      }
    },
    "for-in": {
      "version": "1.0.2",
      "resolved": "https://registry.npmjs.org/for-in/-/for-in-1.0.2.tgz",
      "integrity": "sha1-gQaNKVqBQuwKxybG4iAMMPttXoA="
    },
    "for-own": {
      "version": "0.1.5",
      "resolved": "https://registry.npmjs.org/for-own/-/for-own-0.1.5.tgz",
      "integrity": "sha1-UmXGgaTylNq78XyVCbZ2OqhFEM4=",
      "requires": {
        "for-in": "^1.0.1"
      }
    },
    "fs-exists-sync": {
      "version": "0.1.0",
      "resolved": "https://registry.npmjs.org/fs-exists-sync/-/fs-exists-sync-0.1.0.tgz",
      "integrity": "sha1-mC1ok6+RjnLQjeyehnP/K1qNat0=",
      "dev": true
    },
    "get-value": {
      "version": "1.3.1",
      "resolved": "https://registry.npmjs.org/get-value/-/get-value-1.3.1.tgz",
      "integrity": "sha1-isfvTyA4I5KyZGVI+bmtLcbIlkI=",
      "dev": true,
      "requires": {
        "arr-flatten": "^1.0.1",
        "is-extendable": "^0.1.1",
        "lazy-cache": "^0.2.4",
        "noncharacters": "^1.1.0"
      },
      "dependencies": {
        "lazy-cache": {
          "version": "0.2.7",
          "resolved": "https://registry.npmjs.org/lazy-cache/-/lazy-cache-0.2.7.tgz",
          "integrity": "sha1-f+3fLctu23fRHvHRF6tf/fCrG2U=",
          "dev": true
        }
      }
    },
    "glob-base": {
      "version": "0.3.0",
      "resolved": "https://registry.npmjs.org/glob-base/-/glob-base-0.3.0.tgz",
      "integrity": "sha1-27Fk9iIbHAscz4Kuoyi0l98Oo8Q=",
      "requires": {
        "glob-parent": "^2.0.0",
        "is-glob": "^2.0.0"
      },
      "dependencies": {
        "glob-parent": {
          "version": "2.0.0",
          "resolved": "https://registry.npmjs.org/glob-parent/-/glob-parent-2.0.0.tgz",
          "integrity": "sha1-gTg9ctsFT8zPUzbaqQLxgvbtuyg=",
          "requires": {
            "is-glob": "^2.0.0"
          }
        }
      }
    },
    "glob-fs": {
      "version": "0.1.7",
      "resolved": "https://registry.npmjs.org/glob-fs/-/glob-fs-0.1.7.tgz",
      "integrity": "sha512-f0U3u9xK8MEYtKDCnZXvZrZAy4uNp+KSA4xfaKI/NxbE6HXhqUBQ485Uwd6jQa/Q6z1yKi804WT9y53RrwuMxQ==",
      "dev": true,
      "requires": {
        "async": "^1.3.0",
        "bluebird": "^2.9.33",
        "component-emitter": "^1.2.0",
        "ends-with": "^0.2.0",
        "export-files": "^2.0.1",
        "extend-shallow": "^2.0.0",
        "get-value": "^1.1.5",
        "glob-fs-dotfiles": "^0.1.6",
        "glob-fs-gitignore": "^0.1.5",
        "glob-parent": "^1.2.0",
        "graceful-fs": "^4.1.2",
        "is-dotdir": "^0.1.0",
        "is-dotfile": "^1.0.1",
        "is-glob": "^2.0.0",
        "is-windows": "^0.1.0",
        "kind-of": "^2.0.0",
        "lazy-cache": "^0.1.0",
        "mixin-object": "^2.0.0",
        "object-visit": "^0.1.0",
        "object.omit": "^1.1.0",
        "parse-filepath": "^0.6.1",
        "relative": "^3.0.1",
        "set-value": "^0.2.0",
        "starts-with": "^1.0.2",
        "through2": "^2.0.0"
      },
      "dependencies": {
        "arr-diff": {
          "version": "1.1.0",
          "resolved": "https://registry.npmjs.org/arr-diff/-/arr-diff-1.1.0.tgz",
          "integrity": "sha1-aHwydYFjWI/vfeezb6vklesaOZo=",
          "requires": {
            "arr-flatten": "^1.0.1"
          }
        },
        "micromatch": {
          "version": "github:jonschlinkert/micromatch#b0ac0b7cea8d90f97630c027d0116a8aef06bfdc",
          "from": "github:jonschlinkert/micromatch#b0ac0b7cea8d90f97630c027d0116a8aef06bfdc",
          "requires": {
            "arr-diff": "^1.0.1",
            "array-unique": "^0.2.1",
            "braces": "^1.8.0",
            "expand-brackets": "^0.1.1",
            "extglob": "^0.3.0",
            "filename-regex": "^2.0.0",
            "is-glob": "^1.1.3",
            "kind-of": "^1.1.0",
            "object.omit": "^1.1.0",
            "parse-glob": "^3.0.1",
            "regex-cache": "^0.4.2"
          },
          "dependencies": {
            "is-glob": {
              "version": "1.1.3",
              "resolved": "https://registry.npmjs.org/is-glob/-/is-glob-1.1.3.tgz",
              "integrity": "sha1-tMZLgwPTkRRJKkYNNkzPsNPAoEU="
            },
            "kind-of": {
              "version": "1.1.0",
              "resolved": "https://registry.npmjs.org/kind-of/-/kind-of-1.1.0.tgz",
              "integrity": "sha1-FAo9LUGjbS78+pN3tiwk+ElaXEQ="
            }
          }
        }
      }
    },
    "glob-fs-dotfiles": {
      "version": "0.1.6",
      "resolved": "https://registry.npmjs.org/glob-fs-dotfiles/-/glob-fs-dotfiles-0.1.6.tgz",
      "integrity": "sha1-tPF7c8GIQYq6R80gbPWnImtKiUk=",
      "dev": true
    },
    "glob-fs-gitignore": {
      "version": "0.1.6",
      "resolved": "https://registry.npmjs.org/glob-fs-gitignore/-/glob-fs-gitignore-0.1.6.tgz",
      "integrity": "sha1-iF5vQS+FnMWXVhVIKdvVVybN6ZI=",
      "dev": true,
      "requires": {
        "findup-sync": "^1.0.0",
        "micromatch": "^2.3.11",
        "parse-gitignore": "^0.2.0"
      },
      "dependencies": {
        "kind-of": {
          "version": "3.2.2",
          "resolved": "https://registry.npmjs.org/kind-of/-/kind-of-3.2.2.tgz",
          "integrity": "sha1-MeohpzS6ubuw8yRm2JOupR5KPGQ=",
          "dev": true,
          "requires": {
            "is-buffer": "^1.1.5"
          }
        },
        "micromatch": {
          "version": "2.3.11",
          "resolved": "https://registry.npmjs.org/micromatch/-/micromatch-2.3.11.tgz",
          "integrity": "sha1-hmd8l9FyCzY0MdBNDRUpO9OMFWU=",
          "dev": true,
          "requires": {
            "arr-diff": "^2.0.0",
            "array-unique": "^0.2.1",
            "braces": "^1.8.2",
            "expand-brackets": "^0.1.4",
            "extglob": "^0.3.1",
            "filename-regex": "^2.0.0",
            "is-extglob": "^1.0.0",
            "is-glob": "^2.0.1",
            "kind-of": "^3.0.2",
            "normalize-path": "^2.0.1",
            "object.omit": "^2.0.0",
            "parse-glob": "^3.0.4",
            "regex-cache": "^0.4.2"
          }
        },
        "object.omit": {
          "version": "2.0.1",
          "resolved": "https://registry.npmjs.org/object.omit/-/object.omit-2.0.1.tgz",
          "integrity": "sha1-Gpx0SCnznbuFjHbKNXmuKlTr0fo=",
          "dev": true,
          "requires": {
            "for-own": "^0.1.4",
            "is-extendable": "^0.1.1"
          }
        }
      }
    },
    "glob-parent": {
      "version": "1.3.0",
      "resolved": "https://registry.npmjs.org/glob-parent/-/glob-parent-1.3.0.tgz",
      "integrity": "sha1-lx7dgW7V21hwW1gHlkemTQrveWg=",
      "dev": true,
      "requires": {
        "is-glob": "^2.0.0"
      }
    },
    "global-modules": {
      "version": "0.2.3",
      "resolved": "https://registry.npmjs.org/global-modules/-/global-modules-0.2.3.tgz",
      "integrity": "sha1-6lo77ULG1s6ZWk+KEmm12uIjgo0=",
      "dev": true,
      "requires": {
        "global-prefix": "^0.1.4",
        "is-windows": "^0.2.0"
      },
      "dependencies": {
        "is-windows": {
          "version": "0.2.0",
          "resolved": "https://registry.npmjs.org/is-windows/-/is-windows-0.2.0.tgz",
          "integrity": "sha1-3hqm1j6indJIc3tp8f+LgALSEIw=",
          "dev": true
        }
      }
    },
    "global-prefix": {
      "version": "0.1.5",
      "resolved": "https://registry.npmjs.org/global-prefix/-/global-prefix-0.1.5.tgz",
      "integrity": "sha1-jTvGuNo8qBEqFg2NSW/wRiv+948=",
      "dev": true,
      "requires": {
        "homedir-polyfill": "^1.0.0",
        "ini": "^1.3.4",
        "is-windows": "^0.2.0",
        "which": "^1.2.12"
      },
      "dependencies": {
        "is-windows": {
          "version": "0.2.0",
          "resolved": "https://registry.npmjs.org/is-windows/-/is-windows-0.2.0.tgz",
          "integrity": "sha1-3hqm1j6indJIc3tp8f+LgALSEIw=",
          "dev": true
        }
      }
    },
    "graceful-fs": {
      "version": "4.1.11",
      "resolved": "https://registry.npmjs.org/graceful-fs/-/graceful-fs-4.1.11.tgz",
      "integrity": "sha1-Dovf5NHduIVNZOBOp8AOKgJuVlg=",
      "dev": true
    },
    "homedir-polyfill": {
      "version": "1.0.1",
      "resolved": "https://registry.npmjs.org/homedir-polyfill/-/homedir-polyfill-1.0.1.tgz",
      "integrity": "sha1-TCu8inWJmP7r9e1oWA921GdotLw=",
      "dev": true,
      "requires": {
        "parse-passwd": "^1.0.0"
      }
    },
    "inherits": {
      "version": "2.0.3",
      "resolved": "https://registry.npmjs.org/inherits/-/inherits-2.0.3.tgz",
      "integrity": "sha1-Yzwsg+PaQqUC9SRmAiSA9CCCYd4=",
      "dev": true
    },
    "ini": {
      "version": "1.3.5",
      "resolved": "https://registry.npmjs.org/ini/-/ini-1.3.5.tgz",
      "integrity": "sha512-RZY5huIKCMRWDUqZlEi72f/lmXKMvuszcMBduliQ3nnWbx9X/ZBQO7DijMEYS9EhHBb2qacRUMtC7svLwe0lcw==",
      "dev": true
    },
    "is-absolute": {
      "version": "0.2.6",
      "resolved": "https://registry.npmjs.org/is-absolute/-/is-absolute-0.2.6.tgz",
      "integrity": "sha1-IN5p89uULvLYe5wto28XIjWxtes=",
      "dev": true,
      "requires": {
        "is-relative": "^0.2.1",
        "is-windows": "^0.2.0"
      },
      "dependencies": {
        "is-windows": {
          "version": "0.2.0",
          "resolved": "https://registry.npmjs.org/is-windows/-/is-windows-0.2.0.tgz",
          "integrity": "sha1-3hqm1j6indJIc3tp8f+LgALSEIw=",
          "dev": true
        }
      }
    },
    "is-buffer": {
      "version": "1.1.6",
      "resolved": "https://registry.npmjs.org/is-buffer/-/is-buffer-1.1.6.tgz",
      "integrity": "sha512-NcdALwpXkTm5Zvvbk7owOUSvVvBKDgKP5/ewfXEznmQFfs4ZRmanOeKBTjRVjka3QFoN6XJ+9F3USqfHqTaU5w=="
    },
    "is-dotdir": {
      "version": "0.1.0",
      "resolved": "https://registry.npmjs.org/is-dotdir/-/is-dotdir-0.1.0.tgz",
      "integrity": "sha1-2h5UZPWfw6g8HYIrWs4JG0X+azE=",
      "dev": true,
      "requires": {
        "dotdir-regex": "^0.1.0"
      }
    },
    "is-dotfile": {
      "version": "1.0.3",
      "resolved": "https://registry.npmjs.org/is-dotfile/-/is-dotfile-1.0.3.tgz",
      "integrity": "sha1-pqLzL/0t+wT1yiXs0Pa4PPeYoeE="
    },
    "is-equal-shallow": {
      "version": "0.1.3",
      "resolved": "https://registry.npmjs.org/is-equal-shallow/-/is-equal-shallow-0.1.3.tgz",
      "integrity": "sha1-IjgJj8Ih3gvPpdnqxMRdY4qhxTQ=",
      "requires": {
        "is-primitive": "^2.0.0"
      }
    },
    "is-extendable": {
      "version": "0.1.1",
      "resolved": "https://registry.npmjs.org/is-extendable/-/is-extendable-0.1.1.tgz",
      "integrity": "sha1-YrEQ4omkcUGOPsNqYX1HLjAd/Ik=",
      "dev": true
    },
    "is-extglob": {
      "version": "1.0.0",
      "resolved": "https://registry.npmjs.org/is-extglob/-/is-extglob-1.0.0.tgz",
      "integrity": "sha1-rEaBd8SUNAWgkvyPKXYMb/xiBsA="
    },
    "is-glob": {
      "version": "2.0.1",
      "resolved": "https://registry.npmjs.org/is-glob/-/is-glob-2.0.1.tgz",
      "integrity": "sha1-0Jb5JqPe1WAPP9/ZEZjLCIjC2GM=",
      "requires": {
        "is-extglob": "^1.0.0"
      }
    },
    "is-number": {
      "version": "2.1.0",
      "resolved": "https://registry.npmjs.org/is-number/-/is-number-2.1.0.tgz",
      "integrity": "sha1-Afy7s5NGOlSPL0ZszhbezknbkI8=",
      "requires": {
        "kind-of": "^3.0.2"
      },
      "dependencies": {
        "kind-of": {
          "version": "3.2.2",
          "resolved": "https://registry.npmjs.org/kind-of/-/kind-of-3.2.2.tgz",
          "integrity": "sha1-MeohpzS6ubuw8yRm2JOupR5KPGQ=",
          "requires": {
            "is-buffer": "^1.1.5"
          }
        }
      }
    },
    "is-posix-bracket": {
      "version": "0.1.1",
      "resolved": "https://registry.npmjs.org/is-posix-bracket/-/is-posix-bracket-0.1.1.tgz",
      "integrity": "sha1-MzTceXdDaOkvAW5vvAqI9c1ua8Q="
    },
    "is-primitive": {
      "version": "2.0.0",
      "resolved": "https://registry.npmjs.org/is-primitive/-/is-primitive-2.0.0.tgz",
      "integrity": "sha1-IHurkWOEmcB7Kt8kCkGochADRXU="
    },
    "is-relative": {
      "version": "0.2.1",
      "resolved": "https://registry.npmjs.org/is-relative/-/is-relative-0.2.1.tgz",
      "integrity": "sha1-0n9MfVFtF1+2ENuEu+7yPDvJeqU=",
      "dev": true,
      "requires": {
        "is-unc-path": "^0.1.1"
      }
    },
    "is-unc-path": {
      "version": "0.1.2",
      "resolved": "https://registry.npmjs.org/is-unc-path/-/is-unc-path-0.1.2.tgz",
      "integrity": "sha1-arBTpyVzwQJQ/0FqOBTDUXivObk=",
      "dev": true,
      "requires": {
        "unc-path-regex": "^0.1.0"
      }
    },
    "is-windows": {
      "version": "0.1.1",
      "resolved": "https://registry.npmjs.org/is-windows/-/is-windows-0.1.1.tgz",
      "integrity": "sha1-vjEHFUMc+rzMVKs5USEPoLbQGr4=",
      "dev": true
    },
    "isarray": {
      "version": "1.0.0",
      "resolved": "https://registry.npmjs.org/isarray/-/isarray-1.0.0.tgz",
      "integrity": "sha1-u5NdSFgsuhaMBoNJV6VKPgcSTxE="
    },
    "isexe": {
      "version": "2.0.0",
      "resolved": "https://registry.npmjs.org/isexe/-/isexe-2.0.0.tgz",
      "integrity": "sha1-6PvzdNxVb/iUehDcsFctYz8s+hA=",
      "dev": true
    },
    "isobject": {
      "version": "2.1.0",
      "resolved": "https://registry.npmjs.org/isobject/-/isobject-2.1.0.tgz",
      "integrity": "sha1-8GVWEJaj8dou9GJy+BXIQNh+DIk=",
      "requires": {
        "isarray": "1.0.0"
      }
    },
    "kind-of": {
      "version": "2.0.1",
      "resolved": "https://registry.npmjs.org/kind-of/-/kind-of-2.0.1.tgz",
      "integrity": "sha1-AY7HpM5+OobLkUG+UZ0kyPqpgbU=",
      "dev": true,
      "requires": {
        "is-buffer": "^1.0.2"
      }
    },
    "lazy-cache": {
      "version": "0.1.0",
      "resolved": "https://registry.npmjs.org/lazy-cache/-/lazy-cache-0.1.0.tgz",
      "integrity": "sha1-1s1FAlHUFbcBA3ZfYxMKAEmgN5U=",
      "dev": true,
      "requires": {
        "ansi-yellow": "^0.1.1"
      }
    },
    "lodash": {
      "version": "4.17.21",
      "resolved": "https://registry.npmjs.org/lodash/-/lodash-4.17.21.tgz",
      "integrity": "sha512-v2kDEe57lecTulaDIuNTPy3Ry4gLGJ6Z1O3vE1krgXZNrsQ+LFTGHVxVjcXPs17LhbZVGedAJv8XZ1tvj5FvSg==",
      "dev": true
    },
    "map-cache": {
      "version": "0.2.2",
      "resolved": "https://registry.npmjs.org/map-cache/-/map-cache-0.2.2.tgz",
      "integrity": "sha1-wyq9C9ZSXZsFFkW7TyasXcmKDb8=",
      "dev": true
    },
    "math-random": {
      "version": "1.0.1",
      "resolved": "https://registry.npmjs.org/math-random/-/math-random-1.0.1.tgz",
      "integrity": "sha1-izqsWIuKZuSXXjzepn97sylgH6w="
    },
    "minimist": {
      "version": "1.2.0",
      "resolved": "https://registry.npmjs.org/minimist/-/minimist-1.2.0.tgz",
      "integrity": "sha1-o1AIsg9BOD7sH7kU9M1d95omQoQ=",
      "dev": true
    },
    "mixin-object": {
      "version": "2.0.1",
      "resolved": "https://registry.npmjs.org/mixin-object/-/mixin-object-2.0.1.tgz",
      "integrity": "sha1-T7lJRB2rGCVA8f4DW6YOGUel5X4=",
      "dev": true,
      "requires": {
        "for-in": "^0.1.3",
        "is-extendable": "^0.1.1"
      },
      "dependencies": {
        "for-in": {
          "version": "0.1.8",
          "resolved": "https://registry.npmjs.org/for-in/-/for-in-0.1.8.tgz",
          "integrity": "sha1-2Hc5COMSVhCZUrH9ubP6hn0ndeE=",
          "dev": true
        }
      }
    },
    "noncharacters": {
      "version": "1.1.0",
      "resolved": "https://registry.npmjs.org/noncharacters/-/noncharacters-1.1.0.tgz",
      "integrity": "sha1-rzPfMP1Q7TxTzSAiWPJa2pC1QNI=",
      "dev": true
    },
    "normalize-path": {
      "version": "2.1.1",
      "resolved": "https://registry.npmjs.org/normalize-path/-/normalize-path-2.1.1.tgz",
      "integrity": "sha1-GrKLVW4Zg2Oowab35vogE3/mrtk=",
      "dev": true,
      "requires": {
        "remove-trailing-separator": "^1.0.1"
      }
    },
    "object-visit": {
      "version": "0.1.0",
      "resolved": "https://registry.npmjs.org/object-visit/-/object-visit-0.1.0.tgz",
      "integrity": "sha1-sbtnSfIo7nbgxC84UdKKFNIzziY=",
      "dev": true,
      "requires": {
        "isobject": "^1.0.0"
      },
      "dependencies": {
        "isobject": {
          "version": "1.0.2",
          "resolved": "https://registry.npmjs.org/isobject/-/isobject-1.0.2.tgz",
          "integrity": "sha1-8Pm4zpLdVA+gdAiC44NaLgIux4o=",
          "dev": true
        }
      }
    },
    "object.omit": {
      "version": "1.1.0",
      "resolved": "https://registry.npmjs.org/object.omit/-/object.omit-1.1.0.tgz",
      "integrity": "sha1-nRfqFneOUFfeundSxvVfFJaCnpQ=",
      "requires": {
        "for-own": "^0.1.3",
        "isobject": "^1.0.0"
      },
      "dependencies": {
        "isobject": {
          "version": "1.0.2",
          "resolved": "https://registry.npmjs.org/isobject/-/isobject-1.0.2.tgz",
          "integrity": "sha1-8Pm4zpLdVA+gdAiC44NaLgIux4o="
        }
      }
    },
    "os-homedir": {
      "version": "1.0.2",
      "resolved": "https://registry.npmjs.org/os-homedir/-/os-homedir-1.0.2.tgz",
      "integrity": "sha1-/7xJiDNuDoM94MFox+8VISGqf7M=",
      "dev": true
    },
    "parse-filepath": {
      "version": "0.6.3",
      "resolved": "https://registry.npmjs.org/parse-filepath/-/parse-filepath-0.6.3.tgz",
      "integrity": "sha1-OOF6c+Xk5ndrrpUG/DzLFLw6K4A=",
      "dev": true,
      "requires": {
        "is-absolute": "^0.2.2",
        "map-cache": "^0.2.0"
      }
    },
    "parse-gitignore": {
      "version": "0.2.0",
      "resolved": "https://registry.npmjs.org/parse-gitignore/-/parse-gitignore-0.2.0.tgz",
      "integrity": "sha1-mHBtCfD5PuhjSLch/+4GBrwJPXQ=",
      "dev": true,
      "requires": {
        "ends-with": "^0.2.0",
        "is-glob": "^2.0.0",
        "starts-with": "^1.0.0"
      }
    },
    "parse-glob": {
      "version": "3.0.4",
      "resolved": "https://registry.npmjs.org/parse-glob/-/parse-glob-3.0.4.tgz",
      "integrity": "sha1-ssN2z7EfNVE7rdFz7wu246OIORw=",
      "requires": {
        "glob-base": "^0.3.0",
        "is-dotfile": "^1.0.0",
        "is-extglob": "^1.0.0",
        "is-glob": "^2.0.0"
      }
    },
    "parse-passwd": {
      "version": "1.0.0",
      "resolved": "https://registry.npmjs.org/parse-passwd/-/parse-passwd-1.0.0.tgz",
      "integrity": "sha1-bVuTSkVpk7I9N/QKOC1vFmao5cY=",
      "dev": true
    },
    "preserve": {
      "version": "0.2.0",
      "resolved": "https://registry.npmjs.org/preserve/-/preserve-0.2.0.tgz",
      "integrity": "sha1-gV7R9uvGWSb4ZbMQwHE7yzMVzks="
    },
    "prettier": {
      "version": "1.13.5",
      "resolved": "https://registry.npmjs.org/prettier/-/prettier-1.13.5.tgz",
      "integrity": "sha512-4M90mfvLz6yRf2Dhzd+xPIE6b4xkI8nHMJhsSm9IlfG17g6wujrrm7+H1X8x52tC4cSNm6HmuhCUSNe6Hd5wfw==",
      "dev": true
    },
    "prettierrc": {
      "version": "0.0.0-5",
      "resolved": "https://registry.npmjs.org/prettierrc/-/prettierrc-0.0.0-5.tgz",
      "integrity": "sha1-qLSgTL4UIYzg6fTlSdsas/AD0xI=",
      "dev": true,
      "requires": {
        "glob-fs": "^0.1.6",
        "lodash": "^4.17.4",
        "rc": "^1.2.1"
      }
    },
    "process-nextick-args": {
      "version": "2.0.0",
      "resolved": "https://registry.npmjs.org/process-nextick-args/-/process-nextick-args-2.0.0.tgz",
      "integrity": "sha512-MtEC1TqN0EU5nephaJ4rAtThHtC86dNN9qCuEhtshvpVBkAW5ZO7BASN9REnF9eoXGcRub+pFuKEpOHE+HbEMw==",
      "dev": true
    },
    "randomatic": {
      "version": "3.0.0",
      "resolved": "https://registry.npmjs.org/randomatic/-/randomatic-3.0.0.tgz",
      "integrity": "sha512-VdxFOIEY3mNO5PtSRkkle/hPJDHvQhK21oa73K4yAc9qmp6N429gAyF1gZMOTMeS0/AYzaV/2Trcef+NaIonSA==",
      "requires": {
        "is-number": "^4.0.0",
        "kind-of": "^6.0.0",
        "math-random": "^1.0.1"
      },
      "dependencies": {
        "is-number": {
          "version": "4.0.0",
          "resolved": "https://registry.npmjs.org/is-number/-/is-number-4.0.0.tgz",
          "integrity": "sha512-rSklcAIlf1OmFdyAqbnWTLVelsQ58uvZ66S/ZyawjWqIviTWCjg2PzVGw8WUA+nNuPTqb4wgA+NszrJ+08LlgQ=="
        },
        "kind-of": {
          "version": "6.0.2",
          "resolved": "https://registry.npmjs.org/kind-of/-/kind-of-6.0.2.tgz",
          "integrity": "sha512-s5kLOcnH0XqDO+FvuaLX8DDjZ18CGFk7VygH40QoKPUQhW4e2rvM0rwUq0t8IQDOwYSeLK01U90OjzBTme2QqA=="
        }
      }
    },
    "rc": {
      "version": "1.2.8",
      "resolved": "https://registry.npmjs.org/rc/-/rc-1.2.8.tgz",
      "integrity": "sha512-y3bGgqKj3QBdxLbLkomlohkvsA8gdAiUQlSBJnBhfn+BPxg4bc62d8TcBW15wavDfgexCgccckhcZvywyQYPOw==",
      "dev": true,
      "requires": {
        "deep-extend": "^0.6.0",
        "ini": "~1.3.0",
        "minimist": "^1.2.0",
        "strip-json-comments": "~2.0.1"
      }
    },
    "readable-stream": {
      "version": "2.3.6",
      "resolved": "https://registry.npmjs.org/readable-stream/-/readable-stream-2.3.6.tgz",
      "integrity": "sha512-tQtKA9WIAhBF3+VLAseyMqZeBjW0AHJoxOtYqSUZNJxauErmLbVm2FW1y+J/YA9dUrAC39ITejlZWhVIwawkKw==",
      "dev": true,
      "requires": {
        "core-util-is": "~1.0.0",
        "inherits": "~2.0.3",
        "isarray": "~1.0.0",
        "process-nextick-args": "~2.0.0",
        "safe-buffer": "~5.1.1",
        "string_decoder": "~1.1.1",
        "util-deprecate": "~1.0.1"
      }
    },
    "regex-cache": {
      "version": "0.4.4",
      "resolved": "https://registry.npmjs.org/regex-cache/-/regex-cache-0.4.4.tgz",
      "integrity": "sha512-nVIZwtCjkC9YgvWkpM55B5rBhBYRZhAaJbgcFYXXsHnbZ9UZI9nnVWYZpBlCqv9ho2eZryPnWrZGsOdPwVWXWQ==",
      "requires": {
        "is-equal-shallow": "^0.1.3"
      }
    },
    "relative": {
      "version": "3.0.2",
      "resolved": "https://registry.npmjs.org/relative/-/relative-3.0.2.tgz",
      "integrity": "sha1-Dc2OxUpdNaPBXhBFA9ZTdbWlNn8=",
      "dev": true,
      "requires": {
        "isobject": "^2.0.0"
      }
    },
    "remove-trailing-separator": {
      "version": "1.1.0",
      "resolved": "https://registry.npmjs.org/remove-trailing-separator/-/remove-trailing-separator-1.1.0.tgz",
      "integrity": "sha1-wkvOKig62tW8P1jg1IJJuSN52O8=",
      "dev": true
    },
    "repeat-element": {
      "version": "1.1.2",
      "resolved": "https://registry.npmjs.org/repeat-element/-/repeat-element-1.1.2.tgz",
      "integrity": "sha1-7wiaF40Ug7quTZPrmLT55OEdmQo="
    },
    "repeat-string": {
      "version": "1.6.1",
      "resolved": "https://registry.npmjs.org/repeat-string/-/repeat-string-1.6.1.tgz",
      "integrity": "sha1-jcrkcOHIirwtYA//Sndihtp15jc="
    },
    "resolve-dir": {
      "version": "0.1.1",
      "resolved": "https://registry.npmjs.org/resolve-dir/-/resolve-dir-0.1.1.tgz",
      "integrity": "sha1-shklmlYC+sXFxJatiUpujMQwJh4=",
      "dev": true,
      "requires": {
        "expand-tilde": "^1.2.2",
        "global-modules": "^0.2.3"
      }
    },
    "safe-buffer": {
      "version": "5.1.2",
      "resolved": "https://registry.npmjs.org/safe-buffer/-/safe-buffer-5.1.2.tgz",
      "integrity": "sha512-Gd2UZBJDkXlY7GbJxfsE8/nvKkUEU1G38c1siN6QP6a9PT9MmHB8GnpscSmMJSoF8LOIrt8ud/wPtojys4G6+g==",
      "dev": true
    },
    "set-value": {
      "version": "0.2.0",
      "resolved": "https://registry.npmjs.org/set-value/-/set-value-0.2.0.tgz",
      "integrity": "sha1-c7CmglwVjGoWqCu9yVd1vyqCX6s=",
      "dev": true,
      "requires": {
        "isobject": "^1.0.0",
        "noncharacters": "^1.1.0"
      },
      "dependencies": {
        "isobject": {
          "version": "1.0.2",
          "resolved": "https://registry.npmjs.org/isobject/-/isobject-1.0.2.tgz",
          "integrity": "sha1-8Pm4zpLdVA+gdAiC44NaLgIux4o=",
          "dev": true
        }
      }
    },
    "starts-with": {
      "version": "1.0.2",
      "resolved": "https://registry.npmjs.org/starts-with/-/starts-with-1.0.2.tgz",
      "integrity": "sha1-Fnk6cp2J1M89T7LtovkIrjV/GW8=",
      "dev": true
    },
    "string_decoder": {
      "version": "1.1.1",
      "resolved": "https://registry.npmjs.org/string_decoder/-/string_decoder-1.1.1.tgz",
      "integrity": "sha512-n/ShnvDi6FHbbVfviro+WojiFzv+s8MPMHBczVePfUpDJLwoLT0ht1l4YwBCbi8pJAveEEdnkHyPyTP/mzRfwg==",
      "dev": true,
      "requires": {
        "safe-buffer": "~5.1.0"
      }
    },
    "strip-json-comments": {
      "version": "2.0.1",
      "resolved": "https://registry.npmjs.org/strip-json-comments/-/strip-json-comments-2.0.1.tgz",
      "integrity": "sha1-PFMZQukIwml8DsNEhYwobHygpgo=",
      "dev": true
    },
    "through2": {
      "version": "2.0.3",
      "resolved": "https://registry.npmjs.org/through2/-/through2-2.0.3.tgz",
      "integrity": "sha1-AARWmzfHx0ujnEPzzteNGtlBQL4=",
      "dev": true,
      "requires": {
        "readable-stream": "^2.1.5",
        "xtend": "~4.0.1"
      }
    },
    "unc-path-regex": {
      "version": "0.1.2",
      "resolved": "https://registry.npmjs.org/unc-path-regex/-/unc-path-regex-0.1.2.tgz",
      "integrity": "sha1-5z3T17DXxe2G+6xrCufYxqadUPo=",
      "dev": true
    },
    "util-deprecate": {
      "version": "1.0.2",
      "resolved": "https://registry.npmjs.org/util-deprecate/-/util-deprecate-1.0.2.tgz",
      "integrity": "sha1-RQ1Nyfpw3nMnYvvS1KKJgUGaDM8=",
      "dev": true
    },
    "which": {
      "version": "1.3.1",
      "resolved": "https://registry.npmjs.org/which/-/which-1.3.1.tgz",
      "integrity": "sha512-HxJdYWq1MTIQbJ3nw0cqssHoTNU267KlrDuGZ1WYlxDStUtKUhOaJmh112/TZmHxxUfuJqPXSOm7tDyas0OSIQ==",
      "dev": true,
      "requires": {
        "isexe": "^2.0.0"
      }
    },
    "xtend": {
      "version": "4.0.1",
      "resolved": "https://registry.npmjs.org/xtend/-/xtend-4.0.1.tgz",
      "integrity": "sha1-pcbVMr5lbiPbgg77lDofBJmNY68=",
      "dev": true
    }
  }
}
