{
  "name": "core",
  "version": "1.0.0",
  "lockfileVersion": 1,
  "requires": true,
  "dependencies": {
    "@babel/runtime": {
      "version": "7.14.6",
      "resolved": "https://registry.npmjs.org/@babel/runtime/-/runtime-7.14.6.tgz",
      "integrity": "sha512-/PCB2uJ7oM44tz8YhC4Z/6PeOKXp4K588f+5M3clr1M4zbqztlo0XEfJ2LEzj/FgwfgGcIdl8n7YYjTCI0BYwg==",
      "requires": {
        "regenerator-runtime": "^0.13.4"
      }
    },
    "@reduxjs/toolkit": {
      "version": "1.6.0",
      "resolved": "https://registry.npmjs.org/@reduxjs/toolkit/-/toolkit-1.6.0.tgz",
      "integrity": "sha512-eGL50G+Vj5AG5uD0lineb6rRtbs96M8+hxbcwkHpZ8LQcmt0Bm33WyBSnj5AweLkjQ7ZP+KFRDHiLMznljRQ3A==",
      "requires": {
        "immer": "^9.0.1",
        "redux": "^4.1.0",
        "redux-thunk": "^2.3.0",
        "reselect": "^4.0.0"
      },
      "dependencies": {
        "redux": {
          "version": "4.1.0",
          "resolved": "https://registry.npmjs.org/redux/-/redux-4.1.0.tgz",
          "integrity": "sha512-uI2dQN43zqLWCt6B/BMGRMY6db7TTY4qeHHfGeKb3EOhmOKjU3KdWvNLJyqaHRksv/ErdNH7cFZWg9jXtewy4g==",
          "requires": {
            "@babel/runtime": "^7.9.2"
          }
        }
      }
    },
    "@types/node": {
      "version": "12.20.16",
      "resolved": "https://registry.npmjs.org/@types/node/-/node-12.20.16.tgz",
      "integrity": "sha512-6CLxw83vQf6DKqXxMPwl8qpF8I7THFZuIwLt4TnNsumxkp1VsRZWT8txQxncT/Rl2UojTsFzWgDG4FRMwafrlA=="
    },
    "@types/redux-logger": {
      "version": "3.0.9",
      "resolved": "https://registry.npmjs.org/@types/redux-logger/-/redux-logger-3.0.9.tgz",
      "integrity": "sha512-cwYhVbYNgH01aepeMwhd0ABX6fhVB2rcQ9m80u8Fl50ZODhsZ8RhQArnLTkE7/Zrfq4Sz/taNoF7DQy9pCZSKg==",
      "requires": {
        "redux": "^4.0.0"
      }
    },
    "deep-diff": {
      "version": "0.3.8",
      "resolved": "https://registry.npmjs.org/deep-diff/-/deep-diff-0.3.8.tgz",
      "integrity": "sha1-wB3mPvsO7JeYgB1Ax+Da4ltYLIQ="
    },
    "immer": {
      "version": "9.0.5",
      "resolved": "https://registry.npmjs.org/immer/-/immer-9.0.5.tgz",
      "integrity": "sha512-2WuIehr2y4lmYz9gaQzetPR2ECniCifk4ORaQbU3g5EalLt+0IVTosEPJ5BoYl/75ky2mivzdRzV8wWgQGOSYQ=="
    },
    "js-tokens": {
      "version": "4.0.0",
      "resolved": "https://registry.npmjs.org/js-tokens/-/js-tokens-4.0.0.tgz",
      "integrity": "sha512-RdJUflcE3cUzKiMqQgsCu06FPu9UdIJO0beYbPhHN4k6apgJtifcoCtT9bcxOpYBtpD2kCM6Sbzg4CausW/PKQ=="
    },
    "loose-envify": {
      "version": "1.4.0",
      "resolved": "https://registry.npmjs.org/loose-envify/-/loose-envify-1.4.0.tgz",
      "integrity": "sha512-lyuxPGr/Wfhrlem2CL/UcnUc1zcqKAImBDzukY7Y5F/yQiNdko6+fRLevlw1HgMySw7f611UIY408EtxRSoK3Q==",
      "requires": {
        "js-tokens": "^3.0.0 || ^4.0.0"
      }
    },
    "redux": {
      "version": "4.0.0",
      "resolved": "https://registry.npmjs.org/redux/-/redux-4.0.0.tgz",
      "integrity": "sha512-NnnHF0h0WVE/hXyrB6OlX67LYRuaf/rJcbWvnHHEPCF/Xa/AZpwhs/20WyqzQae5x4SD2F9nPObgBh2rxAgLiA==",
      "requires": {
        "loose-envify": "^1.1.0",
        "symbol-observable": "^1.2.0"
      }
    },
    "redux-logger": {
      "version": "3.0.6",
      "resolved": "https://registry.npmjs.org/redux-logger/-/redux-logger-3.0.6.tgz",
      "integrity": "sha1-91VZZvMJjzyIYExEnPC69XeCdL8=",
      "requires": {
        "deep-diff": "^0.3.5"
      }
    },
    "redux-saga": {
      "version": "0.16.2",
      "resolved": "https://registry.npmjs.org/redux-saga/-/redux-saga-0.16.2.tgz",
      "integrity": "sha512-iIjKnRThI5sKPEASpUvySemjzwqwI13e3qP7oLub+FycCRDysLSAOwt958niZW6LhxfmS6Qm1BzbU70w/Koc4w=="
    },
    "redux-thunk": {
      "version": "2.3.0",
      "resolved": "https://registry.npmjs.org/redux-thunk/-/redux-thunk-2.3.0.tgz",
      "integrity": "sha512-km6dclyFnmcvxhAcrQV2AkZmPQjzPDjgVlQtR0EQjxZPyJ0BnMf3in1ryuR8A2qU0HldVRfxYXbFSKlI3N7Slw=="
    },
    "regenerator-runtime": {
      "version": "0.13.7",
      "resolved": "https://registry.npmjs.org/regenerator-runtime/-/regenerator-runtime-0.13.7.tgz",
      "integrity": "sha512-a54FxoJDIr27pgf7IgeQGxmqUNYrcV338lf/6gH456HZ/PhX+5BcwHXG9ajESmwe6WRO0tAzRUrRmNONWgkrew=="
    },
    "reselect": {
      "version": "4.0.0",
      "resolved": "https://registry.npmjs.org/reselect/-/reselect-4.0.0.tgz",
      "integrity": "sha512-qUgANli03jjAyGlnbYVAV5vvnOmJnODyABz51RdBN7M4WaVu8mecZWgyQNkG8Yqe3KRGRt0l4K4B3XVEULC4CA=="
    },
    "symbol-observable": {
      "version": "1.2.0",
      "resolved": "https://registry.npmjs.org/symbol-observable/-/symbol-observable-1.2.0.tgz",
      "integrity": "sha512-e900nM8RRtGhlV36KGEU9k65K3mPb1WV70OdjfxlG2EAuM1noi/E/BaW/uMhL7bPEssK8QV57vN3esixjUvcXQ=="
    },
    "typescript": {
      "version": "4.1.6",
      "resolved": "https://registry.npmjs.org/typescript/-/typescript-4.1.6.tgz",
      "integrity": "sha512-pxnwLxeb/Z5SP80JDRzVjh58KsM6jZHRAOtTpS7sXLS4ogXNKC9ANxHHZqLLeVHZN35jCtI4JdmLLbLiC1kBow==",
      "dev": true
    }
  }
}
